// !$*UTF8*$!
{
	archiveVersion = 1;
	classes = {
	};
	objectVersion = 46;
	objects = {

/* Begin PBXBuildFile section */
		4421DD5D1CC3BD8D00565A28 /* JSONHelper.m in Sources */ = {isa = PBXBuildFile; fileRef = 4421DD5C1CC3BD8D00565A28 /* JSONHelper.m */; };
		4421DD601CC3BFD500565A28 /* NSString+URLEncode.m in Sources */ = {isa = PBXBuildFile; fileRef = 4421DD5F1CC3BFD500565A28 /* NSString+URLEncode.m */; };
		4421DD681CC3CB7200565A28 /* WordPair+CoreDataProperties.m in Sources */ = {isa = PBXBuildFile; fileRef = 4421DD651CC3CB7200565A28 /* WordPair+CoreDataProperties.m */; };
		4421DD691CC3CB7200565A28 /* WordPair.m in Sources */ = {isa = PBXBuildFile; fileRef = 4421DD671CC3CB7200565A28 /* WordPair.m */; };
		44FC866B1CC2754F00EB7EEA /* main.m in Sources */ = {isa = PBXBuildFile; fileRef = 44FC866A1CC2754F00EB7EEA /* main.m */; };
		44FC866E1CC2754F00EB7EEA /* AppDelegate.m in Sources */ = {isa = PBXBuildFile; fileRef = 44FC866D1CC2754F00EB7EEA /* AppDelegate.m */; };
		44FC86741CC2754F00EB7EEA /* Main.storyboard in Resources */ = {isa = PBXBuildFile; fileRef = 44FC86721CC2754F00EB7EEA /* Main.storyboard */; };
		44FC86771CC2754F00EB7EEA /* Translator.xcdatamodeld in Sources */ = {isa = PBXBuildFile; fileRef = 44FC86751CC2754F00EB7EEA /* Translator.xcdatamodeld */; };
		44FC86791CC2754F00EB7EEA /* Assets.xcassets in Resources */ = {isa = PBXBuildFile; fileRef = 44FC86781CC2754F00EB7EEA /* Assets.xcassets */; };
		44FC867C1CC2754F00EB7EEA /* LaunchScreen.storyboard in Resources */ = {isa = PBXBuildFile; fileRef = 44FC867A1CC2754F00EB7EEA /* LaunchScreen.storyboard */; };
		44FC868A1CC27A0C00EB7EEA /* TRMainController.m in Sources */ = {isa = PBXBuildFile; fileRef = 44FC86891CC27A0C00EB7EEA /* TRMainController.m */; };
		44FC868E1CC298AC00EB7EEA /* TRBorderedView.m in Sources */ = {isa = PBXBuildFile; fileRef = 44FC868D1CC298AC00EB7EEA /* TRBorderedView.m */; };
		44FC86921CC2D08E00EB7EEA /* TRTranslateCell.m in Sources */ = {isa = PBXBuildFile; fileRef = 44FC86911CC2D08E00EB7EEA /* TRTranslateCell.m */; };
		44FC86961CC2DDEA00EB7EEA /* TRNetSession.m in Sources */ = {isa = PBXBuildFile; fileRef = 44FC86951CC2DDEA00EB7EEA /* TRNetSession.m */; };
		44FC86991CC39EE400EB7EEA /* TRGoogleClient.m in Sources */ = {isa = PBXBuildFile; fileRef = 44FC86981CC39EE400EB7EEA /* TRGoogleClient.m */; };
/* End PBXBuildFile section */

/* Begin PBXFileReference section */
		4421DD5B1CC3BD8D00565A28 /* JSONHelper.h */ = {isa = PBXFileReference; fileEncoding = 4; lastKnownFileType = sourcecode.c.h; name = JSONHelper.h; path = Core/JSONHelper.h; sourceTree = "<group>"; };
		4421DD5C1CC3BD8D00565A28 /* JSONHelper.m */ = {isa = PBXFileReference; fileEncoding = 4; lastKnownFileType = sourcecode.c.objc; name = JSONHelper.m; path = Core/JSONHelper.m; sourceTree = "<group>"; };
		4421DD5E1CC3BFD500565A28 /* NSString+URLEncode.h */ = {isa = PBXFileReference; fileEncoding = 4; lastKnownFileType = sourcecode.c.h; name = "NSString+URLEncode.h"; path = "Core/NSString+URLEncode.h"; sourceTree = "<group>"; };
		4421DD5F1CC3BFD500565A28 /* NSString+URLEncode.m */ = {isa = PBXFileReference; fileEncoding = 4; lastKnownFileType = sourcecode.c.objc; name = "NSString+URLEncode.m"; path = "Core/NSString+URLEncode.m"; sourceTree = "<group>"; };
		4421DD641CC3CB7200565A28 /* WordPair+CoreDataProperties.h */ = {isa = PBXFileReference; fileEncoding = 4; lastKnownFileType = sourcecode.c.h; name = "WordPair+CoreDataProperties.h"; path = "Model/WordPair+CoreDataProperties.h"; sourceTree = "<group>"; };
		4421DD651CC3CB7200565A28 /* WordPair+CoreDataProperties.m */ = {isa = PBXFileReference; fileEncoding = 4; lastKnownFileType = sourcecode.c.objc; name = "WordPair+CoreDataProperties.m"; path = "Model/WordPair+CoreDataProperties.m"; sourceTree = "<group>"; };
		4421DD661CC3CB7200565A28 /* WordPair.h */ = {isa = PBXFileReference; fileEncoding = 4; lastKnownFileType = sourcecode.c.h; name = WordPair.h; path = Model/WordPair.h; sourceTree = "<group>"; };
		4421DD671CC3CB7200565A28 /* WordPair.m */ = {isa = PBXFileReference; fileEncoding = 4; lastKnownFileType = sourcecode.c.objc; name = WordPair.m; path = Model/WordPair.m; sourceTree = "<group>"; };
		44FC86661CC2754F00EB7EEA /* Translator.app */ = {isa = PBXFileReference; explicitFileType = wrapper.application; includeInIndex = 0; path = Translator.app; sourceTree = BUILT_PRODUCTS_DIR; };
		44FC866A1CC2754F00EB7EEA /* main.m */ = {isa = PBXFileReference; lastKnownFileType = sourcecode.c.objc; path = main.m; sourceTree = "<group>"; };
		44FC866C1CC2754F00EB7EEA /* AppDelegate.h */ = {isa = PBXFileReference; lastKnownFileType = sourcecode.c.h; path = AppDelegate.h; sourceTree = "<group>"; };
		44FC866D1CC2754F00EB7EEA /* AppDelegate.m */ = {isa = PBXFileReference; lastKnownFileType = sourcecode.c.objc; path = AppDelegate.m; sourceTree = "<group>"; };
		44FC86731CC2754F00EB7EEA /* Base */ = {isa = PBXFileReference; lastKnownFileType = file.storyboard; name = Base; path = Base.lproj/Main.storyboard; sourceTree = "<group>"; };
		44FC86761CC2754F00EB7EEA /* Translator.xcdatamodel */ = {isa = PBXFileReference; lastKnownFileType = wrapper.xcdatamodel; path = Translator.xcdatamodel; sourceTree = "<group>"; };
		44FC86781CC2754F00EB7EEA /* Assets.xcassets */ = {isa = PBXFileReference; lastKnownFileType = folder.assetcatalog; path = Assets.xcassets; sourceTree = "<group>"; };
		44FC867B1CC2754F00EB7EEA /* Base */ = {isa = PBXFileReference; lastKnownFileType = file.storyboard; name = Base; path = Base.lproj/LaunchScreen.storyboard; sourceTree = "<group>"; };
		44FC867D1CC2754F00EB7EEA /* Info.plist */ = {isa = PBXFileReference; lastKnownFileType = text.plist.xml; path = Info.plist; sourceTree = "<group>"; };
		44FC86881CC27A0C00EB7EEA /* TRMainController.h */ = {isa = PBXFileReference; fileEncoding = 4; lastKnownFileType = sourcecode.c.h; name = TRMainController.h; path = Controllers/TRMainController.h; sourceTree = "<group>"; };
		44FC86891CC27A0C00EB7EEA /* TRMainController.m */ = {isa = PBXFileReference; fileEncoding = 4; lastKnownFileType = sourcecode.c.objc; name = TRMainController.m; path = Controllers/TRMainController.m; sourceTree = "<group>"; };
		44FC868C1CC298AC00EB7EEA /* TRBorderedView.h */ = {isa = PBXFileReference; fileEncoding = 4; lastKnownFileType = sourcecode.c.h; name = TRBorderedView.h; path = Custom/TRBorderedView.h; sourceTree = "<group>"; };
		44FC868D1CC298AC00EB7EEA /* TRBorderedView.m */ = {isa = PBXFileReference; fileEncoding = 4; lastKnownFileType = sourcecode.c.objc; name = TRBorderedView.m; path = Custom/TRBorderedView.m; sourceTree = "<group>"; };
		44FC86901CC2D08E00EB7EEA /* TRTranslateCell.h */ = {isa = PBXFileReference; fileEncoding = 4; lastKnownFileType = sourcecode.c.h; name = TRTranslateCell.h; path = Cells/TRTranslateCell.h; sourceTree = "<group>"; };
		44FC86911CC2D08E00EB7EEA /* TRTranslateCell.m */ = {isa = PBXFileReference; fileEncoding = 4; lastKnownFileType = sourcecode.c.objc; name = TRTranslateCell.m; path = Cells/TRTranslateCell.m; sourceTree = "<group>"; };
		44FC86941CC2DDEA00EB7EEA /* TRNetSession.h */ = {isa = PBXFileReference; fileEncoding = 4; lastKnownFileType = sourcecode.c.h; name = TRNetSession.h; path = Core/TRNetSession.h; sourceTree = "<group>"; };
		44FC86951CC2DDEA00EB7EEA /* TRNetSession.m */ = {isa = PBXFileReference; fileEncoding = 4; lastKnownFileType = sourcecode.c.objc; name = TRNetSession.m; path = Core/TRNetSession.m; sourceTree = "<group>"; };
		44FC86971CC39EE400EB7EEA /* TRGoogleClient.h */ = {isa = PBXFileReference; fileEncoding = 4; lastKnownFileType = sourcecode.c.h; name = TRGoogleClient.h; path = Core/TRGoogleClient.h; sourceTree = "<group>"; };
		44FC86981CC39EE400EB7EEA /* TRGoogleClient.m */ = {isa = PBXFileReference; fileEncoding = 4; lastKnownFileType = sourcecode.c.objc; name = TRGoogleClient.m; path = Core/TRGoogleClient.m; sourceTree = "<group>"; };
/* End PBXFileReference section */

/* Begin PBXFrameworksBuildPhase section */
		44FC86631CC2754F00EB7EEA /* Frameworks */ = {
			isa = PBXFrameworksBuildPhase;
			buildActionMask = 2147483647;
			files = (
			);
			runOnlyForDeploymentPostprocessing = 0;
		};
/* End PBXFrameworksBuildPhase section */

/* Begin PBXGroup section */
		4421DD611CC3CB3B00565A28 /* Model */ = {
			isa = PBXGroup;
			children = (
				4421DD641CC3CB7200565A28 /* WordPair+CoreDataProperties.h */,
				4421DD651CC3CB7200565A28 /* WordPair+CoreDataProperties.m */,
				4421DD661CC3CB7200565A28 /* WordPair.h */,
				4421DD671CC3CB7200565A28 /* WordPair.m */,
			);
			name = Model;
			sourceTree = "<group>";
		};
		44FC865D1CC2754F00EB7EEA = {
			isa = PBXGroup;
			children = (
				44FC86681CC2754F00EB7EEA /* Translator */,
				44FC86671CC2754F00EB7EEA /* Products */,
			);
			sourceTree = "<group>";
		};
		44FC86671CC2754F00EB7EEA /* Products */ = {
			isa = PBXGroup;
			children = (
				44FC86661CC2754F00EB7EEA /* Translator.app */,
			);
			name = Products;
			sourceTree = "<group>";
		};
		44FC86681CC2754F00EB7EEA /* Translator */ = {
			isa = PBXGroup;
			children = (
				4421DD611CC3CB3B00565A28 /* Model */,
				44FC86931CC2DDBC00EB7EEA /* Core */,
				44FC868F1CC2D05400EB7EEA /* Cells */,
				44FC868B1CC2986A00EB7EEA /* Custom */,
				44FC86871CC279D500EB7EEA /* Controllers */,
				44FC866C1CC2754F00EB7EEA /* AppDelegate.h */,
				44FC866D1CC2754F00EB7EEA /* AppDelegate.m */,
				44FC86721CC2754F00EB7EEA /* Main.storyboard */,
				44FC86781CC2754F00EB7EEA /* Assets.xcassets */,
				44FC867A1CC2754F00EB7EEA /* LaunchScreen.storyboard */,
				44FC867D1CC2754F00EB7EEA /* Info.plist */,
				44FC86751CC2754F00EB7EEA /* Translator.xcdatamodeld */,
				44FC86691CC2754F00EB7EEA /* Supporting Files */,
			);
			path = Translator;
			sourceTree = "<group>";
		};
		44FC86691CC2754F00EB7EEA /* Supporting Files */ = {
			isa = PBXGroup;
			children = (
				44FC866A1CC2754F00EB7EEA /* main.m */,
			);
			name = "Supporting Files";
			sourceTree = "<group>";
		};
		44FC86871CC279D500EB7EEA /* Controllers */ = {
			isa = PBXGroup;
			children = (
				44FC86881CC27A0C00EB7EEA /* TRMainController.h */,
				44FC86891CC27A0C00EB7EEA /* TRMainController.m */,
			);
			name = Controllers;
			sourceTree = "<group>";
		};
		44FC868B1CC2986A00EB7EEA /* Custom */ = {
			isa = PBXGroup;
			children = (
				44FC868C1CC298AC00EB7EEA /* TRBorderedView.h */,
				44FC868D1CC298AC00EB7EEA /* TRBorderedView.m */,
			);
			name = Custom;
			sourceTree = "<group>";
		};
		44FC868F1CC2D05400EB7EEA /* Cells */ = {
			isa = PBXGroup;
			children = (
				44FC86901CC2D08E00EB7EEA /* TRTranslateCell.h */,
				44FC86911CC2D08E00EB7EEA /* TRTranslateCell.m */,
			);
			name = Cells;
			sourceTree = "<group>";
		};
		44FC86931CC2DDBC00EB7EEA /* Core */ = {
			isa = PBXGroup;
			children = (
				44FC86941CC2DDEA00EB7EEA /* TRNetSession.h */,
				44FC86951CC2DDEA00EB7EEA /* TRNetSession.m */,
				44FC86971CC39EE400EB7EEA /* TRGoogleClient.h */,
				44FC86981CC39EE400EB7EEA /* TRGoogleClient.m */,
				4421DD5B1CC3BD8D00565A28 /* JSONHelper.h */,
				4421DD5C1CC3BD8D00565A28 /* JSONHelper.m */,
				4421DD5E1CC3BFD500565A28 /* NSString+URLEncode.h */,
				4421DD5F1CC3BFD500565A28 /* NSString+URLEncode.m */,
			);
			name = Core;
			sourceTree = "<group>";
		};
/* End PBXGroup section */

/* Begin PBXNativeTarget section */
		44FC86651CC2754F00EB7EEA /* Translator */ = {
			isa = PBXNativeTarget;
			buildConfigurationList = 44FC86801CC2754F00EB7EEA /* Build configuration list for PBXNativeTarget "Translator" */;
			buildPhases = (
				44FC86621CC2754F00EB7EEA /* Sources */,
				44FC86631CC2754F00EB7EEA /* Frameworks */,
				44FC86641CC2754F00EB7EEA /* Resources */,
			);
			buildRules = (
			);
			dependencies = (
			);
			name = Translator;
			productName = Translator;
			productReference = 44FC86661CC2754F00EB7EEA /* Translator.app */;
			productType = "com.apple.product-type.application";
		};
/* End PBXNativeTarget section */

/* Begin PBXProject section */
		44FC865E1CC2754F00EB7EEA /* Project object */ = {
			isa = PBXProject;
			attributes = {
				LastUpgradeCheck = 0720;
				ORGANIZATIONNAME = rsianov;
				TargetAttributes = {
					44FC86651CC2754F00EB7EEA = {
						CreatedOnToolsVersion = 7.2.1;
					};
				};
			};
			buildConfigurationList = 44FC86611CC2754F00EB7EEA /* Build configuration list for PBXProject "Translator" */;
			compatibilityVersion = "Xcode 3.2";
			developmentRegion = English;
			hasScannedForEncodings = 0;
			knownRegions = (
				en,
				Base,
			);
			mainGroup = 44FC865D1CC2754F00EB7EEA;
			productRefGroup = 44FC86671CC2754F00EB7EEA /* Products */;
			projectDirPath = "";
			projectRoot = "";
			targets = (
				44FC86651CC2754F00EB7EEA /* Translator */,
			);
		};
/* End PBXProject section */

/* Begin PBXResourcesBuildPhase section */
		44FC86641CC2754F00EB7EEA /* Resources */ = {
			isa = PBXResourcesBuildPhase;
			buildActionMask = 2147483647;
			files = (
				44FC867C1CC2754F00EB7EEA /* LaunchScreen.storyboard in Resources */,
				44FC86791CC2754F00EB7EEA /* Assets.xcassets in Resources */,
				44FC86741CC2754F00EB7EEA /* Main.storyboard in Resources */,
			);
			runOnlyForDeploymentPostprocessing = 0;
		};
/* End PBXResourcesBuildPhase section */

/* Begin PBXSourcesBuildPhase section */
		44FC86621CC2754F00EB7EEA /* Sources */ = {
			isa = PBXSourcesBuildPhase;
			buildActionMask = 2147483647;
			files = (
				44FC868E1CC298AC00EB7EEA /* TRBorderedView.m in Sources */,
				4421DD5D1CC3BD8D00565A28 /* JSONHelper.m in Sources */,
				44FC86771CC2754F00EB7EEA /* Translator.xcdatamodeld in Sources */,
				44FC86921CC2D08E00EB7EEA /* TRTranslateCell.m in Sources */,
				44FC866E1CC2754F00EB7EEA /* AppDelegate.m in Sources */,
				44FC86961CC2DDEA00EB7EEA /* TRNetSession.m in Sources */,
				44FC86991CC39EE400EB7EEA /* TRGoogleClient.m in Sources */,
				44FC866B1CC2754F00EB7EEA /* main.m in Sources */,
				44FC868A1CC27A0C00EB7EEA /* TRMainController.m in Sources */,
				4421DD691CC3CB7200565A28 /* WordPair.m in Sources */,
				4421DD601CC3BFD500565A28 /* NSString+URLEncode.m in Sources */,
				4421DD681CC3CB7200565A28 /* WordPair+CoreDataProperties.m in Sources */,
			);
			runOnlyForDeploymentPostprocessing = 0;
		};
/* End PBXSourcesBuildPhase section */

/* Begin PBXVariantGroup section */
		44FC86721CC2754F00EB7EEA /* Main.storyboard */ = {
			isa = PBXVariantGroup;
			children = (
				44FC86731CC2754F00EB7EEA /* Base */,
			);
			name = Main.storyboard;
			sourceTree = "<group>";
		};
		44FC867A1CC2754F00EB7EEA /* LaunchScreen.storyboard */ = {
			isa = PBXVariantGroup;
			children = (
				44FC867B1CC2754F00EB7EEA /* Base */,
			);
			name = LaunchScreen.storyboard;
			sourceTree = "<group>";
		};
/* End PBXVariantGroup section */

/* Begin XCBuildConfiguration section */
		44FC867E1CC2754F00EB7EEA /* Debug */ = {
			isa = XCBuildConfiguration;
			buildSettings = {
				ALWAYS_SEARCH_USER_PATHS = NO;
				CLANG_CXX_LANGUAGE_STANDARD = "gnu++0x";
				CLANG_CXX_LIBRARY = "libc++";
				CLANG_ENABLE_MODULES = YES;
				CLANG_ENABLE_OBJC_ARC = YES;
				CLANG_WARN_BOOL_CONVERSION = YES;
				CLANG_WARN_CONSTANT_CONVERSION = YES;
				CLANG_WARN_DIRECT_OBJC_ISA_USAGE = YES_ERROR;
				CLANG_WARN_EMPTY_BODY = YES;
				CLANG_WARN_ENUM_CONVERSION = YES;
				CLANG_WARN_INT_CONVERSION = YES;
				CLANG_WARN_OBJC_ROOT_CLASS = YES_ERROR;
				CLANG_WARN_UNREACHABLE_CODE = YES;
				CLANG_WARN__DUPLICATE_METHOD_MATCH = YES;
				"CODE_SIGN_IDENTITY[sdk=iphoneos*]" = "iPhone Developer";
				COPY_PHASE_STRIP = NO;
				DEBUG_INFORMATION_FORMAT = dwarf;
				ENABLE_STRICT_OBJC_MSGSEND = YES;
				ENABLE_TESTABILITY = YES;
				GCC_C_LANGUAGE_STANDARD = gnu99;
				GCC_DYNAMIC_NO_PIC = NO;
				GCC_NO_COMMON_BLOCKS = YES;
				GCC_OPTIMIZATION_LEVEL = 0;
				GCC_PREPROCESSOR_DEFINITIONS = (
					"DEBUG=1",
					"$(inherited)",
				);
				GCC_WARN_64_TO_32_BIT_CONVERSION = YES;
				GCC_WARN_ABOUT_RETURN_TYPE = YES_ERROR;
				GCC_WARN_UNDECLARED_SELECTOR = YES;
				GCC_WARN_UNINITIALIZED_AUTOS = YES_AGGRESSIVE;
				GCC_WARN_UNUSED_FUNCTION = YES;
				GCC_WARN_UNUSED_VARIABLE = YES;
				IPHONEOS_DEPLOYMENT_TARGET = 9.2;
				MTL_ENABLE_DEBUG_INFO = YES;
				ONLY_ACTIVE_ARCH = YES;
				SDKROOT = iphoneos;
			};
			name = Debug;
		};
		44FC867F1CC2754F00EB7EEA /* Release */ = {
			isa = XCBuildConfiguration;
			buildSettings = {
				ALWAYS_SEARCH_USER_PATHS = NO;
				CLANG_CXX_LANGUAGE_STANDARD = "gnu++0x";
				CLANG_CXX_LIBRARY = "libc++";
				CLANG_ENABLE_MODULES = YES;
				CLANG_ENABLE_OBJC_ARC = YES;
				CLANG_WARN_BOOL_CONVERSION = YES;
				CLANG_WARN_CONSTANT_CONVERSION = YES;
				CLANG_WARN_DIRECT_OBJC_ISA_USAGE = YES_ERROR;
				CLANG_WARN_EMPTY_BODY = YES;
				CLANG_WARN_ENUM_CONVERSION = YES;
				CLANG_WARN_INT_CONVERSION = YES;
				CLANG_WARN_OBJC_ROOT_CLASS = YES_ERROR;
				CLANG_WARN_UNREACHABLE_CODE = YES;
				CLANG_WARN__DUPLICATE_METHOD_MATCH = YES;
				"CODE_SIGN_IDENTITY[sdk=iphoneos*]" = "iPhone Developer";
				COPY_PHASE_STRIP = NO;
				DEBUG_INFORMATION_FORMAT = "dwarf-with-dsym";
				ENABLE_NS_ASSERTIONS = NO;
				ENABLE_STRICT_OBJC_MSGSEND = YES;
				GCC_C_LANGUAGE_STANDARD = gnu99;
				GCC_NO_COMMON_BLOCKS = YES;
				GCC_WARN_64_TO_32_BIT_CONVERSION = YES;
				GCC_WARN_ABOUT_RETURN_TYPE = YES_ERROR;
				GCC_WARN_UNDECLARED_SELECTOR = YES;
				GCC_WARN_UNINITIALIZED_AUTOS = YES_AGGRESSIVE;
				GCC_WARN_UNUSED_FUNCTION = YES;
				GCC_WARN_UNUSED_VARIABLE = YES;
				IPHONEOS_DEPLOYMENT_TARGET = 9.2;
				MTL_ENABLE_DEBUG_INFO = NO;
				SDKROOT = iphoneos;
				VALIDATE_PRODUCT = YES;
			};
			name = Release;
		};
		44FC86811CC2754F00EB7EEA /* Debug */ = {
			isa = XCBuildConfiguration;
			buildSettings = {
				ASSETCATALOG_COMPILER_APPICON_NAME = AppIcon;
				INFOPLIST_FILE = Translator/Info.plist;
				LD_RUNPATH_SEARCH_PATHS = "$(inherited) @executable_path/Frameworks";
				PRODUCT_BUNDLE_IDENTIFIER = ru.rsianov.Translator;
				PRODUCT_NAME = "$(TARGET_NAME)";
			};
			name = Debug;
		};
		44FC86821CC2754F00EB7EEA /* Release */ = {
			isa = XCBuildConfiguration;
			buildSettings = {
				ASSETCATALOG_COMPILER_APPICON_NAME = AppIcon;
				INFOPLIST_FILE = Translator/Info.plist;
				LD_RUNPATH_SEARCH_PATHS = "$(inherited) @executable_path/Frameworks";
				PRODUCT_BUNDLE_IDENTIFIER = ru.rsianov.Translator;
				PRODUCT_NAME = "$(TARGET_NAME)";
			};
			name = Release;
		};
/* End XCBuildConfiguration section */

/* Begin XCConfigurationList section */
		44FC86611CC2754F00EB7EEA /* Build configuration list for PBXProject "Translator" */ = {
			isa = XCConfigurationList;
			buildConfigurations = (
				44FC867E1CC2754F00EB7EEA /* Debug */,
				44FC867F1CC2754F00EB7EEA /* Release */,
			);
			defaultConfigurationIsVisible = 0;
			defaultConfigurationName = Release;
		};
		44FC86801CC2754F00EB7EEA /* Build configuration list for PBXNativeTarget "Translator" */ = {
			isa = XCConfigurationList;
			buildConfigurations = (
				44FC86811CC2754F00EB7EEA /* Debug */,
				44FC86821CC2754F00EB7EEA /* Release */,
			);
			defaultConfigurationIsVisible = 0;
			defaultConfigurationName = Release;
		};
/* End XCConfigurationList section */

/* Begin XCVersionGroup section */
		44FC86751CC2754F00EB7EEA /* Translator.xcdatamodeld */ = {
			isa = XCVersionGroup;
			children = (
				44FC86761CC2754F00EB7EEA /* Translator.xcdatamodel */,
			);
			currentVersion = 44FC86761CC2754F00EB7EEA /* Translator.xcdatamodel */;
			path = Translator.xcdatamodeld;
			sourceTree = "<group>";
			versionGroupType = wrapper.xcdatamodel;
		};
/* End XCVersionGroup section */
	};
	rootObject = 44FC865E1CC2754F00EB7EEA /* Project object */;
}
